// !$*UTF8*$!
{
	archiveVersion = 1;
	classes = {
	};
	objectVersion = 56;
	objects = {

/* Begin PBXBuildFile section */
		4211EF8A2AFF3E7600D1AD18 /* EmptyReceiptView.swift in Sources */ = {isa = PBXBuildFile; fileRef = 4211EF892AFF3E7600D1AD18 /* EmptyReceiptView.swift */; };
		425428742AFF424300117B18 /* ReceiptCardView.swift in Sources */ = {isa = PBXBuildFile; fileRef = 425428732AFF424300117B18 /* ReceiptCardView.swift */; };
		425428772AFF447C00117B18 /* NumberFormatter.swift in Sources */ = {isa = PBXBuildFile; fileRef = 425428762AFF447C00117B18 /* NumberFormatter.swift */; };
		425428792AFF459500117B18 /* Receipt.swift in Sources */ = {isa = PBXBuildFile; fileRef = 425428782AFF459500117B18 /* Receipt.swift */; };
		4254287E2AFF49C700117B18 /* Bundle+Decode.swift in Sources */ = {isa = PBXBuildFile; fileRef = 4254287D2AFF49C700117B18 /* Bundle+Decode.swift */; };
		425428862AFF6BF300117B18 /* Auth0 in Frameworks */ = {isa = PBXBuildFile; productRef = 425428852AFF6BF300117B18 /* Auth0 */; };
		428BF7AA2AFFDB63001F14A5 /* SignLoginView.swift in Sources */ = {isa = PBXBuildFile; fileRef = 428BF7A92AFFDB63001F14A5 /* SignLoginView.swift */; };
		428BF7AE2AFFF440001F14A5 /* User.swift in Sources */ = {isa = PBXBuildFile; fileRef = 428BF7AD2AFFF440001F14A5 /* User.swift */; };
		428BF7B22AFFF53A001F14A5 /* Profile.swift in Sources */ = {isa = PBXBuildFile; fileRef = 428BF7B12AFFF53A001F14A5 /* Profile.swift */; };
		428BF7B42AFFFA65001F14A5 /* Auth0.plist in Resources */ = {isa = PBXBuildFile; fileRef = 428BF7B32AFFFA65001F14A5 /* Auth0.plist */; };
		428BF7B62AFFFB88001F14A5 /* ProfileView.swift in Sources */ = {isa = PBXBuildFile; fileRef = 428BF7B52AFFFB88001F14A5 /* ProfileView.swift */; };
		428BF7B82B000EB1001F14A5 /* UIimageEditor.swift in Sources */ = {isa = PBXBuildFile; fileRef = 428BF7B72B000EB1001F14A5 /* UIimageEditor.swift */; };
		428BF7BA2B002260001F14A5 /* SignInView.swift in Sources */ = {isa = PBXBuildFile; fileRef = 428BF7B92B002260001F14A5 /* SignInView.swift */; };
		428BF7BC2B0026AB001F14A5 /* CustomColor.swift in Sources */ = {isa = PBXBuildFile; fileRef = 428BF7BB2B0026AB001F14A5 /* CustomColor.swift */; };
		428BF7BE2B002FDF001F14A5 /* UserAsyncImage.swift in Sources */ = {isa = PBXBuildFile; fileRef = 428BF7BD2B002FDF001F14A5 /* UserAsyncImage.swift */; };
		428BF7C22B005F26001F14A5 /* CategoryTagView.swift in Sources */ = {isa = PBXBuildFile; fileRef = 428BF7C12B005F26001F14A5 /* CategoryTagView.swift */; };
		AE29D46B2AFF35BF00D65589 /* Ree_See_ItApp.swift in Sources */ = {isa = PBXBuildFile; fileRef = AE29D46A2AFF35BF00D65589 /* Ree_See_ItApp.swift */; };
		AE29D46D2AFF35BF00D65589 /* ContentView.swift in Sources */ = {isa = PBXBuildFile; fileRef = AE29D46C2AFF35BF00D65589 /* ContentView.swift */; };
		AE29D46F2AFF35C100D65589 /* Assets.xcassets in Resources */ = {isa = PBXBuildFile; fileRef = AE29D46E2AFF35C100D65589 /* Assets.xcassets */; };
		AE29D4722AFF35C100D65589 /* Preview Assets.xcassets in Resources */ = {isa = PBXBuildFile; fileRef = AE29D4712AFF35C100D65589 /* Preview Assets.xcassets */; };
		AED9D5622AFF399B00E27922 /* MenuTabView.swift in Sources */ = {isa = PBXBuildFile; fileRef = AED9D5612AFF399B00E27922 /* MenuTabView.swift */; };
		AED9D5672AFF3A4D00E27922 /* ReceiptView.swift in Sources */ = {isa = PBXBuildFile; fileRef = AED9D5662AFF3A4D00E27922 /* ReceiptView.swift */; };
		AED9D5692AFF3A5E00E27922 /* GraphView.swift in Sources */ = {isa = PBXBuildFile; fileRef = AED9D5682AFF3A5E00E27922 /* GraphView.swift */; };
		AED9D56C2AFF3D5600E27922 /* SelectionMenu.swift in Sources */ = {isa = PBXBuildFile; fileRef = AED9D56B2AFF3D5600E27922 /* SelectionMenu.swift */; };
		AED9D56E2AFF3FE100E27922 /* ReceiptTextFormOptionView.swift in Sources */ = {isa = PBXBuildFile; fileRef = AED9D56D2AFF3FE100E27922 /* ReceiptTextFormOptionView.swift */; };
		AED9D5722AFF706A00E27922 /* FormItemLogoView.swift in Sources */ = {isa = PBXBuildFile; fileRef = AED9D5712AFF706A00E27922 /* FormItemLogoView.swift */; };
		AED9D5742AFF708800E27922 /* MapView.swift in Sources */ = {isa = PBXBuildFile; fileRef = AED9D5732AFF708800E27922 /* MapView.swift */; };
		AED9D5762AFF70AD00E27922 /* ReceiptMessageView.swift in Sources */ = {isa = PBXBuildFile; fileRef = AED9D5752AFF70AD00E27922 /* ReceiptMessageView.swift */; };
		AED9D5782AFFD17000E27922 /* ModalCompletionView.swift in Sources */ = {isa = PBXBuildFile; fileRef = AED9D5772AFFD17000E27922 /* ModalCompletionView.swift */; };
		AED9D57B2AFFFF6100E27922 /* PhotoPickerView.swift in Sources */ = {isa = PBXBuildFile; fileRef = AED9D57A2AFFFF6100E27922 /* PhotoPickerView.swift */; };
		AED9D57D2B0000A700E27922 /* PhotoNetworkViewModel.swift in Sources */ = {isa = PBXBuildFile; fileRef = AED9D57C2B0000A700E27922 /* PhotoNetworkViewModel.swift */; };
/* End PBXBuildFile section */

/* Begin PBXFileReference section */
		4211EF892AFF3E7600D1AD18 /* EmptyReceiptView.swift */ = {isa = PBXFileReference; lastKnownFileType = sourcecode.swift; path = EmptyReceiptView.swift; sourceTree = "<group>"; };
		425428732AFF424300117B18 /* ReceiptCardView.swift */ = {isa = PBXFileReference; lastKnownFileType = sourcecode.swift; path = ReceiptCardView.swift; sourceTree = "<group>"; };
		425428762AFF447C00117B18 /* NumberFormatter.swift */ = {isa = PBXFileReference; lastKnownFileType = sourcecode.swift; path = NumberFormatter.swift; sourceTree = "<group>"; };
		425428782AFF459500117B18 /* Receipt.swift */ = {isa = PBXFileReference; lastKnownFileType = sourcecode.swift; path = Receipt.swift; sourceTree = "<group>"; };
		4254287D2AFF49C700117B18 /* Bundle+Decode.swift */ = {isa = PBXFileReference; lastKnownFileType = sourcecode.swift; path = "Bundle+Decode.swift"; sourceTree = "<group>"; };
		428BF7A92AFFDB63001F14A5 /* SignLoginView.swift */ = {isa = PBXFileReference; lastKnownFileType = sourcecode.swift; path = SignLoginView.swift; sourceTree = "<group>"; };
		428BF7AD2AFFF440001F14A5 /* User.swift */ = {isa = PBXFileReference; lastKnownFileType = sourcecode.swift; path = User.swift; sourceTree = "<group>"; };
		428BF7B12AFFF53A001F14A5 /* Profile.swift */ = {isa = PBXFileReference; lastKnownFileType = sourcecode.swift; path = Profile.swift; sourceTree = "<group>"; };
		428BF7B32AFFFA65001F14A5 /* Auth0.plist */ = {isa = PBXFileReference; fileEncoding = 4; lastKnownFileType = text.plist.xml; path = Auth0.plist; sourceTree = "<group>"; };
		428BF7B52AFFFB88001F14A5 /* ProfileView.swift */ = {isa = PBXFileReference; lastKnownFileType = sourcecode.swift; path = ProfileView.swift; sourceTree = "<group>"; };
		428BF7B72B000EB1001F14A5 /* UIimageEditor.swift */ = {isa = PBXFileReference; lastKnownFileType = sourcecode.swift; path = UIimageEditor.swift; sourceTree = "<group>"; };
		428BF7B92B002260001F14A5 /* SignInView.swift */ = {isa = PBXFileReference; lastKnownFileType = sourcecode.swift; path = SignInView.swift; sourceTree = "<group>"; };
		428BF7BB2B0026AB001F14A5 /* CustomColor.swift */ = {isa = PBXFileReference; lastKnownFileType = sourcecode.swift; path = CustomColor.swift; sourceTree = "<group>"; };
		428BF7BD2B002FDF001F14A5 /* UserAsyncImage.swift */ = {isa = PBXFileReference; lastKnownFileType = sourcecode.swift; path = UserAsyncImage.swift; sourceTree = "<group>"; };
		428BF7C12B005F26001F14A5 /* CategoryTagView.swift */ = {isa = PBXFileReference; lastKnownFileType = sourcecode.swift; path = CategoryTagView.swift; sourceTree = "<group>"; };
		AE29D4672AFF35BF00D65589 /* Ree-See.It.app */ = {isa = PBXFileReference; explicitFileType = wrapper.application; includeInIndex = 0; path = "Ree-See.It.app"; sourceTree = BUILT_PRODUCTS_DIR; };
		AE29D46A2AFF35BF00D65589 /* Ree_See_ItApp.swift */ = {isa = PBXFileReference; lastKnownFileType = sourcecode.swift; path = Ree_See_ItApp.swift; sourceTree = "<group>"; };
		AE29D46C2AFF35BF00D65589 /* ContentView.swift */ = {isa = PBXFileReference; lastKnownFileType = sourcecode.swift; path = ContentView.swift; sourceTree = "<group>"; };
		AE29D46E2AFF35C100D65589 /* Assets.xcassets */ = {isa = PBXFileReference; lastKnownFileType = folder.assetcatalog; path = Assets.xcassets; sourceTree = "<group>"; };
		AE29D4712AFF35C100D65589 /* Preview Assets.xcassets */ = {isa = PBXFileReference; lastKnownFileType = folder.assetcatalog; path = "Preview Assets.xcassets"; sourceTree = "<group>"; };
		AED9D5612AFF399B00E27922 /* MenuTabView.swift */ = {isa = PBXFileReference; lastKnownFileType = sourcecode.swift; path = MenuTabView.swift; sourceTree = "<group>"; };
		AED9D5662AFF3A4D00E27922 /* ReceiptView.swift */ = {isa = PBXFileReference; lastKnownFileType = sourcecode.swift; path = ReceiptView.swift; sourceTree = "<group>"; };
		AED9D5682AFF3A5E00E27922 /* GraphView.swift */ = {isa = PBXFileReference; lastKnownFileType = sourcecode.swift; path = GraphView.swift; sourceTree = "<group>"; };
		AED9D56B2AFF3D5600E27922 /* SelectionMenu.swift */ = {isa = PBXFileReference; lastKnownFileType = sourcecode.swift; path = SelectionMenu.swift; sourceTree = "<group>"; };
		AED9D56D2AFF3FE100E27922 /* ReceiptTextFormOptionView.swift */ = {isa = PBXFileReference; lastKnownFileType = sourcecode.swift; path = ReceiptTextFormOptionView.swift; sourceTree = "<group>"; };
		AED9D5712AFF706A00E27922 /* FormItemLogoView.swift */ = {isa = PBXFileReference; lastKnownFileType = sourcecode.swift; path = FormItemLogoView.swift; sourceTree = "<group>"; };
		AED9D5732AFF708800E27922 /* MapView.swift */ = {isa = PBXFileReference; lastKnownFileType = sourcecode.swift; path = MapView.swift; sourceTree = "<group>"; };
		AED9D5752AFF70AD00E27922 /* ReceiptMessageView.swift */ = {isa = PBXFileReference; lastKnownFileType = sourcecode.swift; path = ReceiptMessageView.swift; sourceTree = "<group>"; };
		AED9D5772AFFD17000E27922 /* ModalCompletionView.swift */ = {isa = PBXFileReference; lastKnownFileType = sourcecode.swift; path = ModalCompletionView.swift; sourceTree = "<group>"; };
		AED9D57A2AFFFF6100E27922 /* PhotoPickerView.swift */ = {isa = PBXFileReference; lastKnownFileType = sourcecode.swift; path = PhotoPickerView.swift; sourceTree = "<group>"; };
		AED9D57C2B0000A700E27922 /* PhotoNetworkViewModel.swift */ = {isa = PBXFileReference; lastKnownFileType = sourcecode.swift; path = PhotoNetworkViewModel.swift; sourceTree = "<group>"; };
/* End PBXFileReference section */

/* Begin PBXFrameworksBuildPhase section */
		AE29D4642AFF35BF00D65589 /* Frameworks */ = {
			isa = PBXFrameworksBuildPhase;
			buildActionMask = 2147483647;
			files = (
				425428862AFF6BF300117B18 /* Auth0 in Frameworks */,
			);
			runOnlyForDeploymentPostprocessing = 0;
		};
/* End PBXFrameworksBuildPhase section */

/* Begin PBXGroup section */
		425428752AFF446000117B18 /* Extension */ = {
			isa = PBXGroup;
			children = (
				425428762AFF447C00117B18 /* NumberFormatter.swift */,
				4254287D2AFF49C700117B18 /* Bundle+Decode.swift */,
				428BF7BB2B0026AB001F14A5 /* CustomColor.swift */,
				428BF7B72B000EB1001F14A5 /* UIimageEditor.swift */,
			);
			path = Extension;
			sourceTree = "<group>";
		};
		428BF7A82AFFDB3C001F14A5 /* Sign&Login */ = {
			isa = PBXGroup;
			children = (
				428BF7A92AFFDB63001F14A5 /* SignLoginView.swift */,
				428BF7B52AFFFB88001F14A5 /* ProfileView.swift */,
				428BF7B92B002260001F14A5 /* SignInView.swift */,
			);
			path = "Sign&Login";
			sourceTree = "<group>";
		};
		428BF7AC2AFFF42B001F14A5 /* Models */ = {
			isa = PBXGroup;
			children = (
				425428782AFF459500117B18 /* Receipt.swift */,
				428BF7AD2AFFF440001F14A5 /* User.swift */,
				428BF7B12AFFF53A001F14A5 /* Profile.swift */,
			);
			path = Models;
			sourceTree = "<group>";
		};
		AE29D45E2AFF35BF00D65589 = {
			isa = PBXGroup;
			children = (
				AE29D4692AFF35BF00D65589 /* Ree-See.It */,
				AE29D4682AFF35BF00D65589 /* Products */,
			);
			sourceTree = "<group>";
		};
		AE29D4682AFF35BF00D65589 /* Products */ = {
			isa = PBXGroup;
			children = (
				AE29D4672AFF35BF00D65589 /* Ree-See.It.app */,
			);
			name = Products;
			sourceTree = "<group>";
		};
		AE29D4692AFF35BF00D65589 /* Ree-See.It */ = {
			isa = PBXGroup;
			children = (
				428BF7B32AFFFA65001F14A5 /* Auth0.plist */,
				428BF7AC2AFFF42B001F14A5 /* Models */,
				425428752AFF446000117B18 /* Extension */,
				AED9D55F2AFF398100E27922 /* User Interface */,
				AE29D46A2AFF35BF00D65589 /* Ree_See_ItApp.swift */,
				AE29D46C2AFF35BF00D65589 /* ContentView.swift */,
				AE29D46E2AFF35C100D65589 /* Assets.xcassets */,
				AE29D4702AFF35C100D65589 /* Preview Content */,
			);
			path = "Ree-See.It";
			sourceTree = "<group>";
		};
		AE29D4702AFF35C100D65589 /* Preview Content */ = {
			isa = PBXGroup;
			children = (
				AE29D4712AFF35C100D65589 /* Preview Assets.xcassets */,
			);
			path = "Preview Content";
			sourceTree = "<group>";
		};
		AED9D55F2AFF398100E27922 /* User Interface */ = {
			isa = PBXGroup;
			children = (
				AED9D56A2AFF3D0100E27922 /* Accessory Views */,
				AED9D5632AFF39D200E27922 /* Page Views */,
				AED9D5602AFF398900E27922 /* Menu Navigation */,
			);
			path = "User Interface";
			sourceTree = "<group>";
		};
		AED9D5602AFF398900E27922 /* Menu Navigation */ = {
			isa = PBXGroup;
			children = (
				AED9D5612AFF399B00E27922 /* MenuTabView.swift */,
			);
			name = "Menu Navigation";
			path = "../New Group/Menu Navigation";
			sourceTree = "<group>";
		};
		AED9D5632AFF39D200E27922 /* Page Views */ = {
			isa = PBXGroup;
			children = (
				428BF7A82AFFDB3C001F14A5 /* Sign&Login */,
				AED9D5652AFF3A2300E27922 /* Graph */,
				AED9D5642AFF3A1F00E27922 /* Receipt */,
			);
			path = "Page Views";
			sourceTree = "<group>";
		};
		AED9D5642AFF3A1F00E27922 /* Receipt */ = {
			isa = PBXGroup;
			children = (
				AED9D5662AFF3A4D00E27922 /* ReceiptView.swift */,
				AED9D5792AFFFF4500E27922 /* OCROption */,
				AED9D5702AFF704E00E27922 /* TextOption */,
				4211EF892AFF3E7600D1AD18 /* EmptyReceiptView.swift */,
				425428732AFF424300117B18 /* ReceiptCardView.swift */,
			);
			path = Receipt;
			sourceTree = "<group>";
		};
		AED9D5652AFF3A2300E27922 /* Graph */ = {
			isa = PBXGroup;
			children = (
				AED9D5682AFF3A5E00E27922 /* GraphView.swift */,
			);
			path = Graph;
			sourceTree = "<group>";
		};
		AED9D56A2AFF3D0100E27922 /* Accessory Views */ = {
			isa = PBXGroup;
			children = (
				428BF7BD2B002FDF001F14A5 /* UserAsyncImage.swift */,
				AED9D56B2AFF3D5600E27922 /* SelectionMenu.swift */,
				428BF7C12B005F26001F14A5 /* CategoryTagView.swift */,
			);
			path = "Accessory Views";
			sourceTree = "<group>";
		};
		AED9D5702AFF704E00E27922 /* TextOption */ = {
			isa = PBXGroup;
			children = (
				AED9D56D2AFF3FE100E27922 /* ReceiptTextFormOptionView.swift */,
				AED9D5752AFF70AD00E27922 /* ReceiptMessageView.swift */,
				AED9D5732AFF708800E27922 /* MapView.swift */,
				AED9D5712AFF706A00E27922 /* FormItemLogoView.swift */,
				AED9D5772AFFD17000E27922 /* ModalCompletionView.swift */,
			);
			path = TextOption;
			sourceTree = "<group>";
		};
		AED9D5792AFFFF4500E27922 /* OCROption */ = {
			isa = PBXGroup;
			children = (
				AED9D57A2AFFFF6100E27922 /* PhotoPickerView.swift */,
				AED9D57C2B0000A700E27922 /* PhotoNetworkViewModel.swift */,
			);
			path = OCROption;
			sourceTree = "<group>";
		};
/* End PBXGroup section */

/* Begin PBXNativeTarget section */
		AE29D4662AFF35BF00D65589 /* Ree-See.It */ = {
			isa = PBXNativeTarget;
			buildConfigurationList = AE29D4752AFF35C100D65589 /* Build configuration list for PBXNativeTarget "Ree-See.It" */;
			buildPhases = (
				AE29D4632AFF35BF00D65589 /* Sources */,
				AE29D4642AFF35BF00D65589 /* Frameworks */,
				AE29D4652AFF35BF00D65589 /* Resources */,
			);
			buildRules = (
			);
			dependencies = (
			);
			name = "Ree-See.It";
			packageProductDependencies = (
				425428852AFF6BF300117B18 /* Auth0 */,
			);
			productName = "Ree-See.It";
			productReference = AE29D4672AFF35BF00D65589 /* Ree-See.It.app */;
			productType = "com.apple.product-type.application";
		};
/* End PBXNativeTarget section */

/* Begin PBXProject section */
		AE29D45F2AFF35BF00D65589 /* Project object */ = {
			isa = PBXProject;
			attributes = {
				BuildIndependentTargetsInParallel = 1;
				LastSwiftUpdateCheck = 1500;
				LastUpgradeCheck = 1500;
				TargetAttributes = {
					AE29D4662AFF35BF00D65589 = {
						CreatedOnToolsVersion = 15.0;
					};
				};
			};
			buildConfigurationList = AE29D4622AFF35BF00D65589 /* Build configuration list for PBXProject "Ree-See.It" */;
			compatibilityVersion = "Xcode 14.0";
			developmentRegion = en;
			hasScannedForEncodings = 0;
			knownRegions = (
				en,
				Base,
			);
			mainGroup = AE29D45E2AFF35BF00D65589;
			packageReferences = (
				425428842AFF6BF300117B18 /* XCRemoteSwiftPackageReference "Auth0" */,
			);
			productRefGroup = AE29D4682AFF35BF00D65589 /* Products */;
			projectDirPath = "";
			projectRoot = "";
			targets = (
				AE29D4662AFF35BF00D65589 /* Ree-See.It */,
			);
		};
/* End PBXProject section */

/* Begin PBXResourcesBuildPhase section */
		AE29D4652AFF35BF00D65589 /* Resources */ = {
			isa = PBXResourcesBuildPhase;
			buildActionMask = 2147483647;
			files = (
				AE29D4722AFF35C100D65589 /* Preview Assets.xcassets in Resources */,
				428BF7B42AFFFA65001F14A5 /* Auth0.plist in Resources */,
				AE29D46F2AFF35C100D65589 /* Assets.xcassets in Resources */,
			);
			runOnlyForDeploymentPostprocessing = 0;
		};
/* End PBXResourcesBuildPhase section */

/* Begin PBXSourcesBuildPhase section */
		AE29D4632AFF35BF00D65589 /* Sources */ = {
			isa = PBXSourcesBuildPhase;
			buildActionMask = 2147483647;
			files = (
				AED9D5722AFF706A00E27922 /* FormItemLogoView.swift in Sources */,
				AED9D5762AFF70AD00E27922 /* ReceiptMessageView.swift in Sources */,
				428BF7BC2B0026AB001F14A5 /* CustomColor.swift in Sources */,
				AED9D5692AFF3A5E00E27922 /* GraphView.swift in Sources */,
				4211EF8A2AFF3E7600D1AD18 /* EmptyReceiptView.swift in Sources */,
				AE29D46D2AFF35BF00D65589 /* ContentView.swift in Sources */,
				428BF7B62AFFFB88001F14A5 /* ProfileView.swift in Sources */,
				425428792AFF459500117B18 /* Receipt.swift in Sources */,
				AED9D5782AFFD17000E27922 /* ModalCompletionView.swift in Sources */,
				425428742AFF424300117B18 /* ReceiptCardView.swift in Sources */,
				428BF7AA2AFFDB63001F14A5 /* SignLoginView.swift in Sources */,
				428BF7B22AFFF53A001F14A5 /* Profile.swift in Sources */,
				428BF7BE2B002FDF001F14A5 /* UserAsyncImage.swift in Sources */,
				4254287E2AFF49C700117B18 /* Bundle+Decode.swift in Sources */,
				AE29D46B2AFF35BF00D65589 /* Ree_See_ItApp.swift in Sources */,
				425428772AFF447C00117B18 /* NumberFormatter.swift in Sources */,
				428BF7C22B005F26001F14A5 /* CategoryTagView.swift in Sources */,
				428BF7B82B000EB1001F14A5 /* UIimageEditor.swift in Sources */,
				AED9D5622AFF399B00E27922 /* MenuTabView.swift in Sources */,
				428BF7BA2B002260001F14A5 /* SignInView.swift in Sources */,
				AED9D5672AFF3A4D00E27922 /* ReceiptView.swift in Sources */,
				428BF7AE2AFFF440001F14A5 /* User.swift in Sources */,
				AED9D56C2AFF3D5600E27922 /* SelectionMenu.swift in Sources */,
				AED9D5742AFF708800E27922 /* MapView.swift in Sources */,
				AED9D57B2AFFFF6100E27922 /* PhotoPickerView.swift in Sources */,
				AED9D57D2B0000A700E27922 /* PhotoNetworkViewModel.swift in Sources */,
				AED9D56E2AFF3FE100E27922 /* ReceiptTextFormOptionView.swift in Sources */,
			);
			runOnlyForDeploymentPostprocessing = 0;
		};
/* End PBXSourcesBuildPhase section */

/* Begin XCBuildConfiguration section */
		AE29D4732AFF35C100D65589 /* Debug */ = {
			isa = XCBuildConfiguration;
			buildSettings = {
				ALWAYS_SEARCH_USER_PATHS = NO;
				ASSETCATALOG_COMPILER_GENERATE_SWIFT_ASSET_SYMBOL_EXTENSIONS = YES;
				CLANG_ANALYZER_NONNULL = YES;
				CLANG_ANALYZER_NUMBER_OBJECT_CONVERSION = YES_AGGRESSIVE;
				CLANG_CXX_LANGUAGE_STANDARD = "gnu++20";
				CLANG_ENABLE_MODULES = YES;
				CLANG_ENABLE_OBJC_ARC = YES;
				CLANG_ENABLE_OBJC_WEAK = YES;
				CLANG_WARN_BLOCK_CAPTURE_AUTORELEASING = YES;
				CLANG_WARN_BOOL_CONVERSION = YES;
				CLANG_WARN_COMMA = YES;
				CLANG_WARN_CONSTANT_CONVERSION = YES;
				CLANG_WARN_DEPRECATED_OBJC_IMPLEMENTATIONS = YES;
				CLANG_WARN_DIRECT_OBJC_ISA_USAGE = YES_ERROR;
				CLANG_WARN_DOCUMENTATION_COMMENTS = YES;
				CLANG_WARN_EMPTY_BODY = YES;
				CLANG_WARN_ENUM_CONVERSION = YES;
				CLANG_WARN_INFINITE_RECURSION = YES;
				CLANG_WARN_INT_CONVERSION = YES;
				CLANG_WARN_NON_LITERAL_NULL_CONVERSION = YES;
				CLANG_WARN_OBJC_IMPLICIT_RETAIN_SELF = YES;
				CLANG_WARN_OBJC_LITERAL_CONVERSION = YES;
				CLANG_WARN_OBJC_ROOT_CLASS = YES_ERROR;
				CLANG_WARN_QUOTED_INCLUDE_IN_FRAMEWORK_HEADER = YES;
				CLANG_WARN_RANGE_LOOP_ANALYSIS = YES;
				CLANG_WARN_STRICT_PROTOTYPES = YES;
				CLANG_WARN_SUSPICIOUS_MOVE = YES;
				CLANG_WARN_UNGUARDED_AVAILABILITY = YES_AGGRESSIVE;
				CLANG_WARN_UNREACHABLE_CODE = YES;
				CLANG_WARN__DUPLICATE_METHOD_MATCH = YES;
				COPY_PHASE_STRIP = NO;
				DEBUG_INFORMATION_FORMAT = dwarf;
				ENABLE_STRICT_OBJC_MSGSEND = YES;
				ENABLE_TESTABILITY = YES;
				ENABLE_USER_SCRIPT_SANDBOXING = YES;
				GCC_C_LANGUAGE_STANDARD = gnu17;
				GCC_DYNAMIC_NO_PIC = NO;
				GCC_NO_COMMON_BLOCKS = YES;
				GCC_OPTIMIZATION_LEVEL = 0;
				GCC_PREPROCESSOR_DEFINITIONS = (
					"DEBUG=1",
					"$(inherited)",
				);
				GCC_WARN_64_TO_32_BIT_CONVERSION = YES;
				GCC_WARN_ABOUT_RETURN_TYPE = YES_ERROR;
				GCC_WARN_UNDECLARED_SELECTOR = YES;
				GCC_WARN_UNINITIALIZED_AUTOS = YES_AGGRESSIVE;
				GCC_WARN_UNUSED_FUNCTION = YES;
				GCC_WARN_UNUSED_VARIABLE = YES;
				IPHONEOS_DEPLOYMENT_TARGET = 17.0;
				LOCALIZATION_PREFERS_STRING_CATALOGS = YES;
				MTL_ENABLE_DEBUG_INFO = INCLUDE_SOURCE;
				MTL_FAST_MATH = YES;
				ONLY_ACTIVE_ARCH = YES;
				SDKROOT = iphoneos;
				SWIFT_ACTIVE_COMPILATION_CONDITIONS = "DEBUG $(inherited)";
				SWIFT_OPTIMIZATION_LEVEL = "-Onone";
			};
			name = Debug;
		};
		AE29D4742AFF35C100D65589 /* Release */ = {
			isa = XCBuildConfiguration;
			buildSettings = {
				ALWAYS_SEARCH_USER_PATHS = NO;
				ASSETCATALOG_COMPILER_GENERATE_SWIFT_ASSET_SYMBOL_EXTENSIONS = YES;
				CLANG_ANALYZER_NONNULL = YES;
				CLANG_ANALYZER_NUMBER_OBJECT_CONVERSION = YES_AGGRESSIVE;
				CLANG_CXX_LANGUAGE_STANDARD = "gnu++20";
				CLANG_ENABLE_MODULES = YES;
				CLANG_ENABLE_OBJC_ARC = YES;
				CLANG_ENABLE_OBJC_WEAK = YES;
				CLANG_WARN_BLOCK_CAPTURE_AUTORELEASING = YES;
				CLANG_WARN_BOOL_CONVERSION = YES;
				CLANG_WARN_COMMA = YES;
				CLANG_WARN_CONSTANT_CONVERSION = YES;
				CLANG_WARN_DEPRECATED_OBJC_IMPLEMENTATIONS = YES;
				CLANG_WARN_DIRECT_OBJC_ISA_USAGE = YES_ERROR;
				CLANG_WARN_DOCUMENTATION_COMMENTS = YES;
				CLANG_WARN_EMPTY_BODY = YES;
				CLANG_WARN_ENUM_CONVERSION = YES;
				CLANG_WARN_INFINITE_RECURSION = YES;
				CLANG_WARN_INT_CONVERSION = YES;
				CLANG_WARN_NON_LITERAL_NULL_CONVERSION = YES;
				CLANG_WARN_OBJC_IMPLICIT_RETAIN_SELF = YES;
				CLANG_WARN_OBJC_LITERAL_CONVERSION = YES;
				CLANG_WARN_OBJC_ROOT_CLASS = YES_ERROR;
				CLANG_WARN_QUOTED_INCLUDE_IN_FRAMEWORK_HEADER = YES;
				CLANG_WARN_RANGE_LOOP_ANALYSIS = YES;
				CLANG_WARN_STRICT_PROTOTYPES = YES;
				CLANG_WARN_SUSPICIOUS_MOVE = YES;
				CLANG_WARN_UNGUARDED_AVAILABILITY = YES_AGGRESSIVE;
				CLANG_WARN_UNREACHABLE_CODE = YES;
				CLANG_WARN__DUPLICATE_METHOD_MATCH = YES;
				COPY_PHASE_STRIP = NO;
				DEBUG_INFORMATION_FORMAT = "dwarf-with-dsym";
				ENABLE_NS_ASSERTIONS = NO;
				ENABLE_STRICT_OBJC_MSGSEND = YES;
				ENABLE_USER_SCRIPT_SANDBOXING = YES;
				GCC_C_LANGUAGE_STANDARD = gnu17;
				GCC_NO_COMMON_BLOCKS = YES;
				GCC_WARN_64_TO_32_BIT_CONVERSION = YES;
				GCC_WARN_ABOUT_RETURN_TYPE = YES_ERROR;
				GCC_WARN_UNDECLARED_SELECTOR = YES;
				GCC_WARN_UNINITIALIZED_AUTOS = YES_AGGRESSIVE;
				GCC_WARN_UNUSED_FUNCTION = YES;
				GCC_WARN_UNUSED_VARIABLE = YES;
				IPHONEOS_DEPLOYMENT_TARGET = 17.0;
				LOCALIZATION_PREFERS_STRING_CATALOGS = YES;
				MTL_ENABLE_DEBUG_INFO = NO;
				MTL_FAST_MATH = YES;
				SDKROOT = iphoneos;
				SWIFT_COMPILATION_MODE = wholemodule;
				VALIDATE_PRODUCT = YES;
			};
			name = Release;
		};
		AE29D4762AFF35C100D65589 /* Debug */ = {
			isa = XCBuildConfiguration;
			buildSettings = {
				ASSETCATALOG_COMPILER_APPICON_NAME = AppIcon;
				ASSETCATALOG_COMPILER_GLOBAL_ACCENT_COLOR_NAME = AccentColor;
				CODE_SIGN_STYLE = Automatic;
				CURRENT_PROJECT_VERSION = 1;
				DEVELOPMENT_ASSET_PATHS = "\"Ree-See.It/Preview Content\"";
				DEVELOPMENT_TEAM = N2Q5A93CXS;
				ENABLE_PREVIEWS = YES;
				GENERATE_INFOPLIST_FILE = YES;
				INFOPLIST_FILE = "Ree-See-It-Info.plist";
				INFOPLIST_KEY_UIApplicationSceneManifest_Generation = YES;
				INFOPLIST_KEY_UIApplicationSupportsIndirectInputEvents = YES;
				INFOPLIST_KEY_UILaunchScreen_Generation = YES;
				INFOPLIST_KEY_UISupportedInterfaceOrientations_iPad = "UIInterfaceOrientationPortrait UIInterfaceOrientationPortraitUpsideDown UIInterfaceOrientationLandscapeLeft UIInterfaceOrientationLandscapeRight";
				INFOPLIST_KEY_UISupportedInterfaceOrientations_iPhone = "UIInterfaceOrientationPortrait UIInterfaceOrientationLandscapeLeft UIInterfaceOrientationLandscapeRight";
				LD_RUNPATH_SEARCH_PATHS = (
					"$(inherited)",
					"@executable_path/Frameworks",
				);
				MARKETING_VERSION = 1.0;
				PRODUCT_BUNDLE_IDENTIFIER = "algebra2boy.Ree-See-It";
				PRODUCT_NAME = "$(TARGET_NAME)";
				SWIFT_EMIT_LOC_STRINGS = YES;
				SWIFT_VERSION = 5.0;
				TARGETED_DEVICE_FAMILY = "1,2";
			};
			name = Debug;
		};
		AE29D4772AFF35C100D65589 /* Release */ = {
			isa = XCBuildConfiguration;
			buildSettings = {
				ASSETCATALOG_COMPILER_APPICON_NAME = AppIcon;
				ASSETCATALOG_COMPILER_GLOBAL_ACCENT_COLOR_NAME = AccentColor;
				CODE_SIGN_STYLE = Automatic;
				CURRENT_PROJECT_VERSION = 1;
				DEVELOPMENT_ASSET_PATHS = "\"Ree-See.It/Preview Content\"";
				DEVELOPMENT_TEAM = N2Q5A93CXS;
				ENABLE_PREVIEWS = YES;
				GENERATE_INFOPLIST_FILE = YES;
				INFOPLIST_FILE = "Ree-See-It-Info.plist";
				INFOPLIST_KEY_UIApplicationSceneManifest_Generation = YES;
				INFOPLIST_KEY_UIApplicationSupportsIndirectInputEvents = YES;
				INFOPLIST_KEY_UILaunchScreen_Generation = YES;
				INFOPLIST_KEY_UISupportedInterfaceOrientations_iPad = "UIInterfaceOrientationPortrait UIInterfaceOrientationPortraitUpsideDown UIInterfaceOrientationLandscapeLeft UIInterfaceOrientationLandscapeRight";
				INFOPLIST_KEY_UISupportedInterfaceOrientations_iPhone = "UIInterfaceOrientationPortrait UIInterfaceOrientationLandscapeLeft UIInterfaceOrientationLandscapeRight";
				LD_RUNPATH_SEARCH_PATHS = (
					"$(inherited)",
					"@executable_path/Frameworks",
				);
				MARKETING_VERSION = 1.0;
				PRODUCT_BUNDLE_IDENTIFIER = "algebra2boy.Ree-See-It";
				PRODUCT_NAME = "$(TARGET_NAME)";
				SWIFT_EMIT_LOC_STRINGS = YES;
				SWIFT_VERSION = 5.0;
				TARGETED_DEVICE_FAMILY = "1,2";
			};
			name = Release;
		};
/* End XCBuildConfiguration section */

/* Begin XCConfigurationList section */
		AE29D4622AFF35BF00D65589 /* Build configuration list for PBXProject "Ree-See.It" */ = {
			isa = XCConfigurationList;
			buildConfigurations = (
				AE29D4732AFF35C100D65589 /* Debug */,
				AE29D4742AFF35C100D65589 /* Release */,
			);
			defaultConfigurationIsVisible = 0;
			defaultConfigurationName = Release;
		};
		AE29D4752AFF35C100D65589 /* Build configuration list for PBXNativeTarget "Ree-See.It" */ = {
			isa = XCConfigurationList;
			buildConfigurations = (
				AE29D4762AFF35C100D65589 /* Debug */,
				AE29D4772AFF35C100D65589 /* Release */,
			);
			defaultConfigurationIsVisible = 0;
			defaultConfigurationName = Release;
		};
/* End XCConfigurationList section */

/* Begin XCRemoteSwiftPackageReference section */
		425428842AFF6BF300117B18 /* XCRemoteSwiftPackageReference "Auth0" */ = {
			isa = XCRemoteSwiftPackageReference;
			repositoryURL = "https://github.com/auth0/Auth0.swift";
			requirement = {
				kind = upToNextMajorVersion;
				minimumVersion = 2.5.0;
			};
		};
/* End XCRemoteSwiftPackageReference section */

/* Begin XCSwiftPackageProductDependency section */
		425428852AFF6BF300117B18 /* Auth0 */ = {
			isa = XCSwiftPackageProductDependency;
			package = 425428842AFF6BF300117B18 /* XCRemoteSwiftPackageReference "Auth0" */;
			productName = Auth0;
		};
/* End XCSwiftPackageProductDependency section */
	};
	rootObject = AE29D45F2AFF35BF00D65589 /* Project object */;
}
